
Microsoft Visual Studio Solution File, Format Version 12.00
# Visual Studio Version 17
VisualStudioVersion = 17.5.33627.172
MinimumVisualStudioVersion = 10.0.40219.1
Project("{9A19103F-16F7-4668-BE54-9A1E7A4F7556}") = "CopilotChatWebApi", "copilot-chat-api\CopilotChatWebApi.csproj", "{4A984836-EACE-42AA-AE14-CEDA5FA563CE}"
EndProject
Project("{9A19103F-16F7-4668-BE54-9A1E7A4F7556}") = "GBB.Miyagi.OrderService", "order-service\GBB.Miyagi.OrderService.csproj", "{AE2AC2BA-5E17-423E-843E-043A621B1ED2}"
EndProject
Project("{9A19103F-16F7-4668-BE54-9A1E7A4F7556}") = "GBB.Miyagi.RecommendationService", "recommendation-service\GBB.Miyagi.RecommendationService.csproj", "{F8FEED64-7C48-4D5E-B2DB-EA473AA3F867}"
EndProject
Global
	GlobalSection(SolutionConfigurationPlatforms) = preSolution
		Debug|Any CPU = Debug|Any CPU
		Release|Any CPU = Release|Any CPU
	EndGlobalSection
	GlobalSection(ProjectConfigurationPlatforms) = postSolution
		{4A984836-EACE-42AA-AE14-CEDA5FA563CE}.Debug|Any CPU.ActiveCfg = Debug|Any CPU
		{4A984836-EACE-42AA-AE14-CEDA5FA563CE}.Debug|Any CPU.Build.0 = Debug|Any CPU
		{4A984836-EACE-42AA-AE14-CEDA5FA563CE}.Release|Any CPU.ActiveCfg = Release|Any CPU
		{4A984836-EACE-42AA-AE14-CEDA5FA563CE}.Release|Any CPU.Build.0 = Release|Any CPU
		{AE2AC2BA-5E17-423E-843E-043A621B1ED2}.Debug|Any CPU.ActiveCfg = Debug|Any CPU
		{AE2AC2BA-5E17-423E-843E-043A621B1ED2}.Debug|Any CPU.Build.0 = Debug|Any CPU
		{AE2AC2BA-5E17-423E-843E-043A621B1ED2}.Release|Any CPU.ActiveCfg = Release|Any CPU
		{AE2AC2BA-5E17-423E-843E-043A621B1ED2}.Release|Any CPU.Build.0 = Release|Any CPU
		{F8FEED64-7C48-4D5E-B2DB-EA473AA3F867}.Debug|Any CPU.ActiveCfg = Debug|Any CPU
		{F8FEED64-7C48-4D5E-B2DB-EA473AA3F867}.Debug|Any CPU.Build.0 = Debug|Any CPU
		{F8FEED64-7C48-4D5E-B2DB-EA473AA3F867}.Release|Any CPU.ActiveCfg = Release|Any CPU
		{F8FEED64-7C48-4D5E-B2DB-EA473AA3F867}.Release|Any CPU.Build.0 = Release|Any CPU
	EndGlobalSection
	GlobalSection(SolutionProperties) = preSolution
		HideSolutionNode = FALSE
	EndGlobalSection
	GlobalSection(ExtensibilityGlobals) = postSolution
		SolutionGuid = {C46E5AC4-599A-47A0-BD94-C172D02600FA}
	EndGlobalSection
EndGlobal
