
Microsoft Visual Studio Solution File, Format Version 12.00
# Visual Studio Version 17
VisualStudioVersion = 17.5.33627.172
MinimumVisualStudioVersion = 10.0.40219.1
Project("{9A19103F-16F7-4668-BE54-9A1E7A4F7556}") = "GBB.Miyagi.OrderService", "order-service\GBB.Miyagi.OrderService.csproj", "{914EEFCA-4ADE-47A8-8955-66BEFB1F37D1}"
EndProject
Project("{9A19103F-16F7-4668-BE54-9A1E7A4F7556}") = "GBB.Miyagi.RecommendationService", "recommendation-service\GBB.Miyagi.RecommendationService.csproj", "{4F711B0C-7CF6-4E2C-B425-54072548D310}"
EndProject
Global
	GlobalSection(SolutionConfigurationPlatforms) = preSolution
		Debug|Any CPU = Debug|Any CPU
		Release|Any CPU = Release|Any CPU
	EndGlobalSection
	GlobalSection(ProjectConfigurationPlatforms) = postSolution
		{914EEFCA-4ADE-47A8-8955-66BEFB1F37D1}.Debug|Any CPU.ActiveCfg = Debug|Any CPU
		{914EEFCA-4ADE-47A8-8955-66BEFB1F37D1}.Debug|Any CPU.Build.0 = Debug|Any CPU
		{914EEFCA-4ADE-47A8-8955-66BEFB1F37D1}.Release|Any CPU.ActiveCfg = Release|Any CPU
		{914EEFCA-4ADE-47A8-8955-66BEFB1F37D1}.Release|Any CPU.Build.0 = Release|Any CPU
		{4F711B0C-7CF6-4E2C-B425-54072548D310}.Debug|Any CPU.ActiveCfg = Debug|Any CPU
		{4F711B0C-7CF6-4E2C-B425-54072548D310}.Debug|Any CPU.Build.0 = Debug|Any CPU
		{4F711B0C-7CF6-4E2C-B425-54072548D310}.Release|Any CPU.ActiveCfg = Release|Any CPU
		{4F711B0C-7CF6-4E2C-B425-54072548D310}.Release|Any CPU.Build.0 = Release|Any CPU
	EndGlobalSection
	GlobalSection(SolutionProperties) = preSolution
		HideSolutionNode = FALSE
	EndGlobalSection
	GlobalSection(ExtensibilityGlobals) = postSolution
		SolutionGuid = {C46E5AC4-599A-47A0-BD94-C172D02600FA}
	EndGlobalSection
EndGlobal
