
Microsoft Visual Studio Solution File, Format Version 12.00
# Visual Studio Version 17
VisualStudioVersion = 17.5.002.0
MinimumVisualStudioVersion = 10.0.40219.1
Project("{9A19103F-16F7-4668-BE54-9A1E7A4F7556}") = "GBB.Miyagi.RecommendationService", "GBB.Miyagi.RecommendationService.csproj", "{918A21EB-6084-4EDB-BD58-B7752221E9B9}"
EndProject
Global
	GlobalSection(SolutionConfigurationPlatforms) = preSolution
		Debug|Any CPU = Debug|Any CPU
		Release|Any CPU = Release|Any CPU
	EndGlobalSection
	GlobalSection(ProjectConfigurationPlatforms) = postSolution
		{918A21EB-6084-4EDB-BD58-B7752221E9B9}.Debug|Any CPU.ActiveCfg = Debug|Any CPU
		{918A21EB-6084-4EDB-BD58-B7752221E9B9}.Debug|Any CPU.Build.0 = Debug|Any CPU
		{918A21EB-6084-4EDB-BD58-B7752221E9B9}.Release|Any CPU.ActiveCfg = Release|Any CPU
		{918A21EB-6084-4EDB-BD58-B7752221E9B9}.Release|Any CPU.Build.0 = Release|Any CPU
	EndGlobalSection
	GlobalSection(SolutionProperties) = preSolution
		HideSolutionNode = FALSE
	EndGlobalSection
	GlobalSection(ExtensibilityGlobals) = postSolution
		SolutionGuid = {24C5C7F7-963C-431C-8539-0835C4F88F66}
	EndGlobalSection
EndGlobal
